
Microsoft Visual Studio Solution File, Format Version 12.00
# Visual Studio 15
VisualStudioVersion = 15.0.28307.421
MinimumVisualStudioVersion = 10.0.40219.1
Project("{FAE04EC0-301F-11D3-BF4B-00C04F79EFBC}") = "HW_Tests", "HW_Tests\HW_Tests.csproj", "{D91ABBC4-C8F6-4F96-A891-555BC537FCA0}"
EndProject
Global
	GlobalSection(SolutionConfigurationPlatforms) = preSolution
		Debug|Any CPU = Debug|Any CPU
		Release|Any CPU = Release|Any CPU
	EndGlobalSection
	GlobalSection(ProjectConfigurationPlatforms) = postSolution
		{D91ABBC4-C8F6-4F96-A891-555BC537FCA0}.Debug|Any CPU.ActiveCfg = Debug|Any CPU
		{D91ABBC4-C8F6-4F96-A891-555BC537FCA0}.Debug|Any CPU.Build.0 = Debug|Any CPU
		{D91ABBC4-C8F6-4F96-A891-555BC537FCA0}.Release|Any CPU.ActiveCfg = Release|Any CPU
		{D91ABBC4-C8F6-4F96-A891-555BC537FCA0}.Release|Any CPU.Build.0 = Release|Any CPU
	EndGlobalSection
	GlobalSection(SolutionProperties) = preSolution
		HideSolutionNode = FALSE
	EndGlobalSection
	GlobalSection(ExtensibilityGlobals) = postSolution
		SolutionGuid = {B5DC48A5-CB45-424E-A1E0-66371ACC1881}
	EndGlobalSection
EndGlobal
